<?xml version="1.0" encoding="UTF-8" standalone="yes" ?>
<CodeBlocks_project_file>
	<FileVersion major="1" minor="6" />
	<Project>
		<Option title="UDjat Core Library" />
		<Option makefile_is_custom="1" />
		<Option pch_mode="2" />
		<Option compiler="gcc" />
		<Build>
			<Target title="Debug">
				<Option output=".bin/Debug/libudjat-test" prefix_auto="1" extension_auto="1" />
				<Option object_output=".obj/Debug/" />
				<Option type="1" />
				<Option compiler="gcc" />
				<Compiler>
					<Add option="-g" />
					<Add option="-DDEBUG=1" />
				</Compiler>
			</Target>
			<Target title="Release">
				<Option output="../../.bin/Release/UDjat Core Library" prefix_auto="1" extension_auto="1" />
				<Option object_output=".obj/Release/" />
				<Option type="1" />
				<Option compiler="gcc" />
				<Compiler>
					<Add option="-O2" />
					<Add option="-DNDEBUG=1" />
				</Compiler>
				<Linker>
					<Add option="-s" />
				</Linker>
			</Target>
		</Build>
		<Compiler>
			<Add option="-Wall" />
			<Add option="-std=c++17" />
			<Add option="-fPIC" />
			<Add option="`pkg-config --cflags pugixml`" />
			<Add option="-pthread" />
			<Add directory="src/include" />
		</Compiler>
		<Linker>
			<Add option="`pkg-config --libs pugixml jsoncpp libeconf`" />
			<Add option="-pthread" />
			<Add library="dl" />
		</Linker>
		<Unit filename="sdk/pkg-config.pc.in" />
		<Unit filename="src/include/config.h" />
		<Unit filename="src/include/udjat.h" />
		<Unit filename="src/include/udjat/agent.h" />
		<Unit filename="src/include/udjat/alert.h" />
		<Unit filename="src/include/udjat/defs.h" />
		<Unit filename="src/include/udjat/disk/stat.h" />
		<Unit filename="src/include/udjat/factory.h" />
		<Unit filename="src/include/udjat/module.h" />
		<Unit filename="src/include/udjat/request.h" />
		<Unit filename="src/include/udjat/state.h" />
		<Unit filename="src/include/udjat/system/stat.h" />
		<Unit filename="src/include/udjat/tools/configuration.h" />
		<Unit filename="src/include/udjat/tools/converters.h" />
		<Unit filename="src/include/udjat/tools/file.h" />
		<Unit filename="src/include/udjat/tools/logger.h" />
		<Unit filename="src/include/udjat/tools/mainloop.h" />
		<Unit filename="src/include/udjat/tools/mimetype.h" />
		<Unit filename="src/include/udjat/tools/quark.h" />
		<Unit filename="src/include/udjat/tools/string.h" />
		<Unit filename="src/include/udjat/tools/subprocess.h" />
		<Unit filename="src/include/udjat/tools/sysconfig.h" />
		<Unit filename="src/include/udjat/tools/threadpool.h" />
		<Unit filename="src/include/udjat/tools/timestamp.h" />
		<Unit filename="src/include/udjat/tools/value.h" />
		<Unit filename="src/include/udjat/tools/virtualmachine.h" />
		<Unit filename="src/include/udjat/tools/xml.h" />
		<Unit filename="src/include/udjat/url.h" />
		<Unit filename="src/include/udjat/worker.h" />
		<Unit filename="src/main/agent/agent.cc" />
		<Unit filename="src/main/agent/child.cc" />
		<Unit filename="src/main/agent/controller.cc" />
		<Unit filename="src/main/agent/get.cc" />
		<Unit filename="src/main/agent/load.cc" />
		<Unit filename="src/main/agent/private.h" />
		<Unit filename="src/main/agent/root.cc" />
		<Unit filename="src/main/agent/set.cc" />
		<Unit filename="src/main/agent/start.cc" />
		<Unit filename="src/main/agent/state.cc" />
		<Unit filename="src/main/agent/test.xml" />
		<Unit filename="src/main/agent/tools.cc" />
		<Unit filename="src/main/agent/update.cc" />
		<Unit filename="src/main/alert/alert.cc" />
		<Unit filename="src/main/alert/controller.cc" />
		<Unit filename="src/main/alert/event.cc" />
		<Unit filename="src/main/alert/init.cc" />
		<Unit filename="src/main/alert/private.h" />
		<Unit filename="src/main/alert/script.cc" />
		<Unit filename="src/main/alert/url.cc" />
		<Unit filename="src/main/factory/controller.cc" />
		<Unit filename="src/main/factory/factory.cc" />
		<Unit filename="src/main/factory/private.h" />
		<Unit filename="src/main/file/private.h" />
		<Unit filename="src/main/module/controller.cc" />
		<Unit filename="src/main/module/info.cc" />
		<Unit filename="src/main/module/load.cc" />
		<Unit filename="src/main/module/module.cc" />
		<Unit filename="src/main/module/private.h" />
		<Unit filename="src/main/module/unload.cc" />
		<Unit filename="src/main/private.h" />
		<Unit filename="src/main/request/private.h" />
		<Unit filename="src/main/request/report.cc" />
		<Unit filename="src/main/request/request.cc" />
		<Unit filename="src/main/request/response.cc" />
		<Unit filename="src/main/service/private.h" />
		<Unit filename="src/main/state/level.cc" />
		<Unit filename="src/main/state/parse.cc" />
		<Unit filename="src/main/state/private.h" />
		<Unit filename="src/main/state/state.cc" />
		<Unit filename="src/main/url/controller.cc" />
		<Unit filename="src/main/url/fileprotocol.cc" />
		<Unit filename="src/main/url/method.cc" />
		<Unit filename="src/main/url/private.h" />
		<Unit filename="src/main/url/protocol.cc" />
		<Unit filename="src/main/url/response.cc" />
		<Unit filename="src/main/url/url.cc" />
		<Unit filename="src/main/worker/controller.cc" />
		<Unit filename="src/main/worker/private.h" />
		<Unit filename="src/main/worker/worker.cc" />
		<Unit filename="src/private.h" />
		<Unit filename="src/state/private.h" />
		<Unit filename="src/testprogram/private.h" />
		<Unit filename="src/testprogram/testprogram.cc" />
		<Unit filename="src/tools/diskstat.cc" />
		<Unit filename="src/tools/expand.cc" />
		<Unit filename="src/tools/file/agent.cc" />
		<Unit filename="src/tools/file/controller.cc" />
		<Unit filename="src/tools/file/list.cc" />
		<Unit filename="src/tools/file/path.cc" />
		<Unit filename="src/tools/file/private.h" />
		<Unit filename="src/tools/file/sysconfig.cc" />
		<Unit filename="src/tools/file/sysconfig_value.cc" />
		<Unit filename="src/tools/file/text.cc" />
		<Unit filename="src/tools/file/watcher.cc" />
		<Unit filename="src/tools/mainloop/default.cc" />
		<Unit filename="src/tools/mainloop/handler.cc" />
		<Unit filename="src/tools/mainloop/linux/mainloop.cc" />
		<Unit filename="src/tools/mainloop/linux/run.cc" />
		<Unit filename="src/tools/mainloop/mainloop.cc" />
		<Unit filename="src/tools/mainloop/private.h" />
		<Unit filename="src/tools/mainloop/service.cc" />
		<Unit filename="src/tools/mainloop/testprogram/testprogram.cc" />
		<Unit filename="src/tools/mainloop/timer.cc" />
		<Unit filename="src/tools/mimetype.cc" />
		<Unit filename="src/tools/os/linux/configuration/file.cc" />
		<Unit filename="src/tools/os/linux/diskstats.cc" />
		<Unit filename="src/tools/os/linux/logger.cc" />
		<Unit filename="src/tools/os/linux/sysstats.cc" />
		<Unit filename="src/tools/os/linux/threadpool.cc" />
		<Unit filename="src/tools/quark.cc" />
		<Unit filename="src/tools/string.cc" />
		<Unit filename="src/tools/subprocess/private.h" />
		<Unit filename="src/tools/subprocess/subprocess.cc" />
		<Unit filename="src/tools/timestamp.cc" />
		<Unit filename="src/tools/value.cc" />
		<Unit filename="src/tools/virtualmachine.cc" />
		<Unit filename="src/tools/xml.cc" />
		<Extensions />
	</Project>
</CodeBlocks_project_file>
