<?xml version="1.0" encoding="UTF-8" standalone="yes" ?>
<CodeBlocks_project_file>
	<FileVersion major="1" minor="6" />
	<Project>
		<Option title="UDjat Core Library" />
		<Option makefile_is_custom="1" />
		<Option pch_mode="2" />
		<Option compiler="gcc" />
		<Option virtualFolders="src/tools/" />
		<Build>
			<Target title="Debug">
				<Option output=".bin/Debug/udjat" prefix_auto="1" extension_auto="1" />
				<Option object_output=".obj/Debug/" />
				<Option type="1" />
				<Option compiler="gcc" />
				<Option parameters="-f" />
				<Compiler>
					<Add option="-g" />
					<Add option="-DDEBUG=1" />
				</Compiler>
			</Target>
			<Target title="Release">
				<Option output="../../.bin/Release/UDjat Core Library" prefix_auto="1" extension_auto="1" />
				<Option object_output=".obj/Release/" />
				<Option type="1" />
				<Option compiler="gcc" />
				<Option parameters="-f" />
				<Compiler>
					<Add option="-O2" />
					<Add option="-DNDEBUG=1" />
				</Compiler>
				<Linker>
					<Add option="-s" />
				</Linker>
			</Target>
		</Build>
		<Compiler>
			<Add option="-Wall" />
			<Add option="-std=c++17" />
			<Add option="-fPIC" />
			<Add option="`pkg-config --cflags pugixml`" />
			<Add option="-pthread" />
			<Add directory="src/include" />
		</Compiler>
		<Linker>
			<Add option="`pkg-config --libs pugixml jsoncpp libeconf`" />
			<Add option="-pthread" />
			<Add library="dl" />
		</Linker>
		<Unit filename="sdk/pkg-config.pc.in" />
		<Unit filename="src/include/config.h" />
		<Unit filename="src/include/udjat-internals.h" />
		<Unit filename="src/include/udjat/agent.h" />
		<Unit filename="src/include/udjat/alert.h" />
		<Unit filename="src/include/udjat/defs.h" />
		<Unit filename="src/include/udjat/factory.h" />
		<Unit filename="src/include/udjat/level.h" />
		<Unit filename="src/include/udjat/module.h" />
		<Unit filename="src/include/udjat/moduleinfo.h" />
		<Unit filename="src/include/udjat/request.h" />
		<Unit filename="src/include/udjat/state.h" />
		<Unit filename="src/include/udjat/tools/application.h" />
		<Unit filename="src/include/udjat/tools/configuration.h" />
		<Unit filename="src/include/udjat/tools/converters.h" />
		<Unit filename="src/include/udjat/tools/expander.h" />
		<Unit filename="src/include/udjat/tools/file.h" />
		<Unit filename="src/include/udjat/tools/http/client.h" />
		<Unit filename="src/include/udjat/tools/http/exception.h" />
		<Unit filename="src/include/udjat/tools/http/mimetype.h" />
		<Unit filename="src/include/udjat/tools/http/timestamp.h" />
		<Unit filename="src/include/udjat/tools/logger.h" />
		<Unit filename="src/include/udjat/tools/mainloop.h" />
		<Unit filename="src/include/udjat/tools/method.h" />
		<Unit filename="src/include/udjat/tools/object.h" />
		<Unit filename="src/include/udjat/tools/protocol.h" />
		<Unit filename="src/include/udjat/tools/quark.h" />
		<Unit filename="src/include/udjat/tools/string.h" />
		<Unit filename="src/include/udjat/tools/subprocess.h" />
		<Unit filename="src/include/udjat/tools/sysconfig.h" />
		<Unit filename="src/include/udjat/tools/systemservice.h" />
		<Unit filename="src/include/udjat/tools/threadpool.h" />
		<Unit filename="src/include/udjat/tools/timestamp.h" />
		<Unit filename="src/include/udjat/tools/url.h" />
		<Unit filename="src/include/udjat/tools/value.h" />
		<Unit filename="src/include/udjat/tools/xml.h" />
		<Unit filename="src/include/udjat/win32/exception.h" />
		<Unit filename="src/include/udjat/win32/http.h" />
		<Unit filename="src/include/udjat/win32/registry.h" />
		<Unit filename="src/include/udjat/win32/security.h" />
		<Unit filename="src/include/udjat/win32/service.h" />
		<Unit filename="src/include/udjat/win32/utils.h" />
		<Unit filename="src/include/udjat/worker.h" />
		<Unit filename="src/main/agent/agent.cc" />
		<Unit filename="src/main/agent/alertfactory.cc" />
		<Unit filename="src/main/agent/child.cc" />
		<Unit filename="src/main/agent/controller.cc" />
		<Unit filename="src/main/agent/get.cc" />
		<Unit filename="src/main/agent/load.cc" />
		<Unit filename="src/main/agent/parse.cc" />
		<Unit filename="src/main/agent/private.h" />
		<Unit filename="src/main/agent/properties.cc" />
		<Unit filename="src/main/agent/root.cc" />
		<Unit filename="src/main/agent/set.cc" />
		<Unit filename="src/main/agent/start.cc" />
		<Unit filename="src/main/agent/state.cc" />
		<Unit filename="src/main/agent/test.xml" />
		<Unit filename="src/main/agent/update.cc" />
		<Unit filename="src/main/alert/abstract.cc" />
		<Unit filename="src/main/alert/activation.cc" />
		<Unit filename="src/main/alert/alert.cc" />
		<Unit filename="src/main/alert/controller.cc" />
		<Unit filename="src/main/alert/factory.cc" />
		<Unit filename="src/main/alert/private.h" />
		<Unit filename="src/main/factory/controller.cc" />
		<Unit filename="src/main/factory/factory.cc" />
		<Unit filename="src/main/factory/private.h" />
		<Unit filename="src/main/factory/search.cc" />
		<Unit filename="src/main/file/private.h" />
		<Unit filename="src/main/load/xml.cc" />
		<Unit filename="src/main/module/controller.cc" />
		<Unit filename="src/main/module/info.cc" />
		<Unit filename="src/main/module/load.cc" />
		<Unit filename="src/main/module/module.cc" />
		<Unit filename="src/main/module/private.h" />
		<Unit filename="src/main/module/unload.cc" />
		<Unit filename="src/main/os/linux/module/private.h" />
		<Unit filename="src/main/os/windows/resources.rc" />
		<Unit filename="src/main/private.h" />
		<Unit filename="src/main/request/private.h" />
		<Unit filename="src/main/request/report.cc" />
		<Unit filename="src/main/request/request.cc" />
		<Unit filename="src/main/request/response.cc" />
		<Unit filename="src/main/service/private.h" />
		<Unit filename="src/main/state/alertfactory.cc" />
		<Unit filename="src/main/state/level.cc" />
		<Unit filename="src/main/state/parse.cc" />
		<Unit filename="src/main/state/private.h" />
		<Unit filename="src/main/state/state.cc" />
		<Unit filename="src/main/url/fileprotocol.cc">
			<Option virtualFolder="src/tools/" />
		</Unit>
		<Unit filename="src/main/url/private.h" />
		<Unit filename="src/main/worker/controller.cc" />
		<Unit filename="src/main/worker/private.h" />
		<Unit filename="src/main/worker/worker.cc" />
		<Unit filename="src/private.h" />
		<Unit filename="src/state/private.h" />
		<Unit filename="src/testprogram/private.h" />
		<Unit filename="src/testprogram/testprogram.cc" />
		<Unit filename="src/testprogram/windows/resources.rc" />
		<Unit filename="src/tools/application.cc" />
		<Unit filename="src/tools/configuration.cc" />
		<Unit filename="src/tools/expand.cc" />
		<Unit filename="src/tools/file/private.h" />
		<Unit filename="src/tools/http/client.cc" />
		<Unit filename="src/tools/http/exception.cc" />
		<Unit filename="src/tools/http/mimetype.cc" />
		<Unit filename="src/tools/http/timestamp.cc" />
		<Unit filename="src/tools/logger.cc" />
		<Unit filename="src/tools/mainloop/handler.cc" />
		<Unit filename="src/tools/mainloop/mainloop.cc" />
		<Unit filename="src/tools/mainloop/os/linux/default.cc" />
		<Unit filename="src/tools/mainloop/os/linux/mainloop.cc" />
		<Unit filename="src/tools/mainloop/os/linux/run.cc" />
		<Unit filename="src/tools/mainloop/os/windows/default.cc" />
		<Unit filename="src/tools/mainloop/os/windows/event.cc" />
		<Unit filename="src/tools/mainloop/os/windows/eventcontroller.cc" />
		<Unit filename="src/tools/mainloop/os/windows/eventworker.cc" />
		<Unit filename="src/tools/mainloop/os/windows/mainloop.cc" />
		<Unit filename="src/tools/mainloop/os/windows/private.h" />
		<Unit filename="src/tools/mainloop/os/windows/run.cc" />
		<Unit filename="src/tools/mainloop/os/windows/service.cc" />
		<Unit filename="src/tools/mainloop/private.h" />
		<Unit filename="src/tools/mainloop/service.cc" />
		<Unit filename="src/tools/mainloop/testprogram/testprogram.cc" />
		<Unit filename="src/tools/mainloop/timer.cc" />
		<Unit filename="src/tools/object.cc" />
		<Unit filename="src/tools/os/linux/application.cc" />
		<Unit filename="src/tools/os/linux/configvalue.cc" />
		<Unit filename="src/tools/os/linux/file/agent.cc" />
		<Unit filename="src/tools/os/linux/file/controller.cc" />
		<Unit filename="src/tools/os/linux/file/list.cc" />
		<Unit filename="src/tools/os/linux/file/path.cc" />
		<Unit filename="src/tools/os/linux/file/private.h" />
		<Unit filename="src/tools/os/linux/file/sysconfig.cc" />
		<Unit filename="src/tools/os/linux/file/sysconfig_value.cc" />
		<Unit filename="src/tools/os/linux/file/temporary.cc" />
		<Unit filename="src/tools/os/linux/file/text.cc" />
		<Unit filename="src/tools/os/linux/file/watcher.cc" />
		<Unit filename="src/tools/os/linux/logger.cc" />
		<Unit filename="src/tools/os/linux/subprocess.cc" />
		<Unit filename="src/tools/os/linux/subprocess.h" />
		<Unit filename="src/tools/os/linux/systemservice.cc" />
		<Unit filename="src/tools/os/linux/threadpool.cc" />
		<Unit filename="src/tools/os/windows/application.cc" />
		<Unit filename="src/tools/os/windows/configvalue.cc" />
		<Unit filename="src/tools/os/windows/exception.cc" />
		<Unit filename="src/tools/os/windows/file/list.cc" />
		<Unit filename="src/tools/os/windows/file/path.cc" />
		<Unit filename="src/tools/os/windows/file/private.h" />
		<Unit filename="src/tools/os/windows/file/temporary.cc" />
		<Unit filename="src/tools/os/windows/file/text.cc" />
		<Unit filename="src/tools/os/windows/logger.cc" />
		<Unit filename="src/tools/os/windows/private.h" />
		<Unit filename="src/tools/os/windows/registry.cc" />
		<Unit filename="src/tools/os/windows/service.cc" />
		<Unit filename="src/tools/os/windows/string.cc" />
		<Unit filename="src/tools/os/windows/subprocess.cc" />
		<Unit filename="src/tools/os/windows/systemservice.cc" />
		<Unit filename="src/tools/os/windows/threadpool.cc" />
		<Unit filename="src/tools/os/windows/utils.cc" />
		<Unit filename="src/tools/quark.cc" />
		<Unit filename="src/tools/string.cc" />
		<Unit filename="src/tools/subprocess/private.h" />
		<Unit filename="src/tools/subprocess/subprocess.cc" />
		<Unit filename="src/tools/systemservice.cc" />
		<Unit filename="src/tools/timestamp.cc" />
		<Unit filename="src/tools/url/call.cc" />
		<Unit filename="src/tools/url/controller.cc" />
		<Unit filename="src/tools/url/fileprotocol.cc" />
		<Unit filename="src/tools/url/header.cc" />
		<Unit filename="src/tools/url/method.cc" />
		<Unit filename="src/tools/url/private.h" />
		<Unit filename="src/tools/url/protocol.cc" />
		<Unit filename="src/tools/url/response.cc" />
		<Unit filename="src/tools/url/unescape.cc" />
		<Unit filename="src/tools/url/url.cc" />
		<Unit filename="src/tools/url/worker.cc" />
		<Unit filename="src/tools/value.cc" />
		<Unit filename="src/tools/xml.cc" />
		<Extensions />
	</Project>
</CodeBlocks_project_file>
