<?xml version="1.0" encoding="UTF-8" standalone="yes" ?>
<CodeBlocks_project_file>
	<FileVersion major="1" minor="6" />
	<Project>
		<Option title="Core Library" />
		<Option pch_mode="2" />
		<Option compiler="gcc" />
		<Build>
			<Target title="Debug">
				<Option output=".bin/Debug/test" prefix_auto="1" extension_auto="1" />
				<Option object_output=".obj/Debug/" />
				<Option type="1" />
				<Option compiler="gcc" />
				<Compiler>
					<Add option="-g" />
					<Add option="-DDEBUG=1" />
				</Compiler>
			</Target>
			<Target title="Release">
				<Option output="../../.bin/Release/Core Library" prefix_auto="1" extension_auto="1" />
				<Option object_output=".obj/Release/" />
				<Option type="1" />
				<Option compiler="gcc" />
				<Compiler>
					<Add option="-O2" />
					<Add option="-DNDEBUG=1" />
				</Compiler>
				<Linker>
					<Add option="-s" />
				</Linker>
			</Target>
		</Build>
		<Compiler>
			<Add option="-Wall" />
			<Add option="`pkg-config --cflags pugixml jsoncpp libeconf`" />
			<Add option="-pthread" />
			<Add directory="include" />
		</Compiler>
		<Linker>
			<Add option="`pkg-config --libs pugixml jsoncpp libeconf`" />
			<Add option="-pthread" />
		</Linker>
		<Unit filename="../include/udjat/agent.h" />
		<Unit filename="../include/udjat/configuration.h" />
		<Unit filename="../include/udjat/defs.h" />
		<Unit filename="../include/udjat/threadpool.h" />
		<Unit filename="../include/udjat/timestamp.h" />
		<Unit filename="agent/private.h" />
		<Unit filename="include/config.h" />
		<Unit filename="include/udjat.h" />
		<Unit filename="include/udjat/agent.h" />
		<Unit filename="include/udjat/configuration.h" />
		<Unit filename="include/udjat/dbus.h" />
		<Unit filename="include/udjat/defs.h" />
		<Unit filename="include/udjat/request.h" />
		<Unit filename="include/udjat/service.h" />
		<Unit filename="include/udjat/threadpool.h" />
		<Unit filename="include/udjat/timestamp.h" />
		<Unit filename="include/udjat/tools/atom.h" />
		<Unit filename="include/udjat/tools/dmi.h" />
		<Unit filename="include/udjat/tools/file.h" />
		<Unit filename="include/udjat/tools/virtualmachine.h" />
		<Unit filename="include/udjat/tools/xml.h" />
		<Unit filename="include/udjat/type.h" />
		<Unit filename="main/agent/agent.cc" />
		<Unit filename="main/agent/controller.cc" />
		<Unit filename="main/agent/factory.cc" />
		<Unit filename="main/agent/load.cc" />
		<Unit filename="main/agent/private.h" />
		<Unit filename="main/state/private.h" />
		<Unit filename="main/state/state.cc" />
		<Unit filename="private.h" />
		<Unit filename="testprogram/testprogram.cc" />
		<Unit filename="tools/atom.cc" />
		<Unit filename="tools/dmi.cc" />
		<Unit filename="tools/memorymappedfile.cc" />
		<Unit filename="tools/os/linux/configuration/file.cc" />
		<Unit filename="tools/os/linux/dmi.cc" />
		<Unit filename="tools/os/linux/threadpool.cc" />
		<Unit filename="tools/service/private.h" />
		<Unit filename="tools/timestamp.cc" />
		<Unit filename="tools/virtualmachine.cc" />
		<Unit filename="tools/xml.cc" />
		<Extensions />
	</Project>
</CodeBlocks_project_file>
