<?xml version="1.0" encoding="UTF-8" standalone="yes" ?>
<CodeBlocks_project_file>
	<FileVersion major="1" minor="6" />
	<Project>
		<Option title="Generic Tools" />
		<Option pch_mode="2" />
		<Option compiler="gcc" />
		<Build>
			<Target title="Debug">
				<Option output=".bin/Debug/tools" prefix_auto="1" extension_auto="1" />
				<Option object_output=".obj/Debug/" />
				<Option type="1" />
				<Option compiler="gcc" />
				<Compiler>
					<Add option="-g" />
					<Add option="-DDEBUG=1" />
				</Compiler>
			</Target>
			<Target title="Release">
				<Option output="../../.bin/Release/Generic Tools" prefix_auto="1" extension_auto="1" />
				<Option object_output=".obj/Release/" />
				<Option type="1" />
				<Option compiler="gcc" />
				<Compiler>
					<Add option="-O2" />
					<Add option="-DNDEBUG=1" />
				</Compiler>
				<Linker>
					<Add option="-s" />
				</Linker>
			</Target>
		</Build>
		<Compiler>
			<Add option="-Wall" />
			<Add option="-std=gnu++11" />
			<Add option="-DPROJECT_NAME=udjat" />
			<Add directory="../../include" />
		</Compiler>
		<Unit filename="../../include/udjat/tools/dmi.h" />
		<Unit filename="../../include/udjat/tools/file.h" />
		<Unit filename="dmi.cc" />
		<Unit filename="linux/dmi.cc" />
		<Unit filename="memorymappedfile.cc" />
		<Unit filename="testprogram/testprogram.cc" />
		<Extensions />
	</Project>
</CodeBlocks_project_file>
