<?xml version="1.0" encoding="UTF-8" standalone="yes" ?>
<CodeBlocks_project_file>
	<FileVersion major="1" minor="6" />
	<Project>
		<Option title="MainLoop-Windows" />
		<Option pch_mode="2" />
		<Option compiler="gcc" />
		<Build>
			<Target title="Debug">
				<Option output=".bin/Debug/test" prefix_auto="1" extension_auto="1" />
				<Option object_output=".obj/Debug/" />
				<Option type="1" />
				<Option compiler="gcc" />
				<Compiler>
					<Add option="-g" />
					<Add option="-DDEBUG=1" />
				</Compiler>
			</Target>
			<Target title="Release">
				<Option output="../../.bin/Release/Udjat Service Manager" prefix_auto="1" extension_auto="1" />
				<Option object_output=".obj/Release/" />
				<Option type="1" />
				<Option compiler="gcc" />
				<Compiler>
					<Add option="-O2" />
					<Add option="-DNDEBUG=1" />
				</Compiler>
				<Linker>
					<Add option="-s" />
				</Linker>
			</Target>
		</Build>
		<Compiler>
			<Add option="-Wall" />
			<Add option="-std=c++17" />
			<Add option="-pthread" />
			<Add option="`pkg-config --cflags libsystemd`" />
			<Add directory="../../../../include" />
		</Compiler>
		<Linker>
			<Add option="-pthread" />
			<Add option="`pkg-config --libs libsystemd systemd pugixml`" />
		</Linker>
		<Unit filename="../../handler.cc" />
		<Unit filename="../../mainloop.cc" />
		<Unit filename="../../private.h" />
		<Unit filename="../../service.cc" />
		<Unit filename="../../testprogram/testprogram.cc" />
		<Unit filename="../../timer.cc" />
		<Unit filename="console.cc" />
		<Unit filename="mainloop.cc" />
		<Unit filename="private.h" />
		<Unit filename="run.cc" />
		<Unit filename="service.cc" />
		<Extensions />
	</Project>
</CodeBlocks_project_file>
