<?xml version="1.0" encoding="UTF-8" standalone="yes" ?>
<CodeBlocks_project_file>
	<FileVersion major="1" minor="6" />
	<Project>
		<Option title="Generic Tools" />
		<Option pch_mode="2" />
		<Option compiler="gcc" />
		<Build>
			<Target title="Debug">
				<Option output=".bin/Debug/tools" prefix_auto="1" extension_auto="1" />
				<Option object_output=".obj/Debug/" />
				<Option type="1" />
				<Option compiler="gcc" />
				<Compiler>
					<Add option="-g" />
					<Add option="-DDEBUG=1" />
				</Compiler>
			</Target>
			<Target title="Release">
				<Option output="../../.bin/Release/Generic Tools" prefix_auto="1" extension_auto="1" />
				<Option object_output=".obj/Release/" />
				<Option type="1" />
				<Option compiler="gcc" />
				<Compiler>
					<Add option="-O2" />
					<Add option="-DNDEBUG=1" />
				</Compiler>
				<Linker>
					<Add option="-s" />
				</Linker>
			</Target>
		</Build>
		<Compiler>
			<Add option="-Wall" />
			<Add option="-std=c++98" />
			<Add option="-DPROJECT_NAME=udjat" />
			<Add directory="../include" />
		</Compiler>
		<Linker>
			<Add library="pugixml" />
		</Linker>
		<Unit filename="../include/udjat/defs.h" />
		<Unit filename="../include/udjat/tools/logger.h" />
		<Unit filename="expand.cc" />
		<Unit filename="file/agent.cc" />
		<Unit filename="file/controller.cc" />
		<Unit filename="file/list.cc" />
		<Unit filename="file/path.cc" />
		<Unit filename="file/private.h" />
		<Unit filename="file/sysconfig.cc" />
		<Unit filename="file/sysconfig_value.cc" />
		<Unit filename="file/text.cc" />
		<Unit filename="file/watcher.cc" />
		<Unit filename="mainloop/default.cc" />
		<Unit filename="mainloop/handler.cc" />
		<Unit filename="mainloop/linux/mainloop.cc" />
		<Unit filename="mainloop/linux/run.cc" />
		<Unit filename="mainloop/mainloop.cc" />
		<Unit filename="mainloop/private.h" />
		<Unit filename="mainloop/service.cc" />
		<Unit filename="mainloop/testprogram/testprogram.cc" />
		<Unit filename="mainloop/timer.cc" />
		<Unit filename="os/linux/configuration/file.cc" />
		<Unit filename="os/linux/logger.cc" />
		<Unit filename="os/linux/threadpool.cc" />
		<Unit filename="quark.cc" />
		<Unit filename="string.cc" />
		<Unit filename="subprocess/private.h" />
		<Unit filename="subprocess/subprocess.cc" />
		<Unit filename="testprogram/testprogram.cc" />
		<Unit filename="timestamp.cc" />
		<Unit filename="virtualmachine.cc" />
		<Unit filename="xml.cc" />
		<Extensions />
	</Project>
</CodeBlocks_project_file>
